
Microsoft Visual Studio Solution File, Format Version 12.00
# Visual Studio 15
VisualStudioVersion = 15.0.28307.329
MinimumVisualStudioVersion = 10.0.40219.1
Project("{8BC9CEB8-8B4A-11D0-8D11-00A0C91BC942}") = "lab1_oop", "lab1_oop\lab1_oop.vcxproj", "{3987B816-AA84-479B-B0E4-6A9A208C7160}"
EndProject
Global
	GlobalSection(SolutionConfigurationPlatforms) = preSolution
		Debug|x64 = Debug|x64
		Debug|x86 = Debug|x86
		Release|x64 = Release|x64
		Release|x86 = Release|x86
	EndGlobalSection
	GlobalSection(ProjectConfigurationPlatforms) = postSolution
		{3987B816-AA84-479B-B0E4-6A9A208C7160}.Debug|x64.ActiveCfg = Debug|x64
		{3987B816-AA84-479B-B0E4-6A9A208C7160}.Debug|x64.Build.0 = Debug|x64
		{3987B816-AA84-479B-B0E4-6A9A208C7160}.Debug|x86.ActiveCfg = Debug|Win32
		{3987B816-AA84-479B-B0E4-6A9A208C7160}.Debug|x86.Build.0 = Debug|Win32
		{3987B816-AA84-479B-B0E4-6A9A208C7160}.Release|x64.ActiveCfg = Release|x64
		{3987B816-AA84-479B-B0E4-6A9A208C7160}.Release|x64.Build.0 = Release|x64
		{3987B816-AA84-479B-B0E4-6A9A208C7160}.Release|x86.ActiveCfg = Release|Win32
		{3987B816-AA84-479B-B0E4-6A9A208C7160}.Release|x86.Build.0 = Release|Win32
	EndGlobalSection
	GlobalSection(SolutionProperties) = preSolution
		HideSolutionNode = FALSE
	EndGlobalSection
	GlobalSection(ExtensibilityGlobals) = postSolution
		SolutionGuid = {F2EBA147-FD14-458B-890E-6EA502B02CF3}
	EndGlobalSection
EndGlobal
